// !$*UTF8*$!
{
	archiveVersion = 1;
	classes = {
	};
	objectVersion = 50;
	objects = {

/* Begin PBXBuildFile section */
		D5010E93221D888200E5174C /* main.cpp in Sources */ = {isa = PBXBuildFile; fileRef = D5010E92221D888200E5174C /* main.cpp */; };
		D5010E9B221D8C5900E5174C /* libgtest.a in Frameworks */ = {isa = PBXBuildFile; fileRef = D5010E9A221D8C5900E5174C /* libgtest.a */; };
		D5010E9E221D8D1400E5174C /* sample1.cc in Sources */ = {isa = PBXBuildFile; fileRef = D5010E9D221D8D1400E5174C /* sample1.cc */; };
		D5010EA1221D8D2500E5174C /* sample1_unittest.cc in Sources */ = {isa = PBXBuildFile; fileRef = D5010E9F221D8D2500E5174C /* sample1_unittest.cc */; };
/* End PBXBuildFile section */

/* Begin PBXCopyFilesBuildPhase section */
		D5010E8D221D888200E5174C /* CopyFiles */ = {
			isa = PBXCopyFilesBuildPhase;
			buildActionMask = 2147483647;
			dstPath = /usr/share/man/man1/;
			dstSubfolderSpec = 0;
			files = (
			);
			runOnlyForDeploymentPostprocessing = 1;
		};
/* End PBXCopyFilesBuildPhase section */

/* Begin PBXFileReference section */
		D5010E8F221D888200E5174C /* selftraining */ = {isa = PBXFileReference; explicitFileType = "compiled.mach-o.executable"; includeInIndex = 0; path = selftraining; sourceTree = BUILT_PRODUCTS_DIR; };
		D5010E92221D888200E5174C /* main.cpp */ = {isa = PBXFileReference; lastKnownFileType = sourcecode.cpp.cpp; path = main.cpp; sourceTree = "<group>"; };
		D5010E9A221D8C5900E5174C /* libgtest.a */ = {isa = PBXFileReference; lastKnownFileType = archive.ar; name = libgtest.a; path = ../lib/libgtest.a; sourceTree = "<group>"; };
		D5010E9D221D8D1400E5174C /* sample1.cc */ = {isa = PBXFileReference; fileEncoding = 4; lastKnownFileType = sourcecode.cpp.cpp; name = sample1.cc; path = ../../samples/gtest/sample1.cc; sourceTree = "<group>"; };
		D5010E9F221D8D2500E5174C /* sample1_unittest.cc */ = {isa = PBXFileReference; fileEncoding = 4; lastKnownFileType = sourcecode.cpp.cpp; name = sample1_unittest.cc; path = ../../samples/gtest/sample1_unittest.cc; sourceTree = "<group>"; };
		D5010EA0221D8D2500E5174C /* sample1.h */ = {isa = PBXFileReference; fileEncoding = 4; lastKnownFileType = sourcecode.c.h; name = sample1.h; path = ../../samples/gtest/sample1.h; sourceTree = "<group>"; };
/* End PBXFileReference section */

/* Begin PBXFrameworksBuildPhase section */
		D5010E8C221D888200E5174C /* Frameworks */ = {
			isa = PBXFrameworksBuildPhase;
			buildActionMask = 2147483647;
			files = (
				D5010E9B221D8C5900E5174C /* libgtest.a in Frameworks */,
			);
			runOnlyForDeploymentPostprocessing = 0;
		};
/* End PBXFrameworksBuildPhase section */

/* Begin PBXGroup section */
		D5010E86221D888200E5174C = {
			isa = PBXGroup;
			children = (
				D5010E9C221D8CFE00E5174C /* sample */,
				D5010E91221D888200E5174C /* selftraining */,
				D5010E90221D888200E5174C /* Products */,
				D5010E99221D8C5900E5174C /* Frameworks */,
			);
			sourceTree = "<group>";
		};
		D5010E90221D888200E5174C /* Products */ = {
			isa = PBXGroup;
			children = (
				D5010E8F221D888200E5174C /* selftraining */,
			);
			name = Products;
			sourceTree = "<group>";
		};
		D5010E91221D888200E5174C /* selftraining */ = {
			isa = PBXGroup;
			children = (
				D5010E92221D888200E5174C /* main.cpp */,
			);
			path = selftraining;
			sourceTree = "<group>";
		};
		D5010E99221D8C5900E5174C /* Frameworks */ = {
			isa = PBXGroup;
			children = (
				D5010E9A221D8C5900E5174C /* libgtest.a */,
			);
			name = Frameworks;
			sourceTree = "<group>";
		};
		D5010E9C221D8CFE00E5174C /* sample */ = {
			isa = PBXGroup;
			children = (
				D5010E9F221D8D2500E5174C /* sample1_unittest.cc */,
				D5010EA0221D8D2500E5174C /* sample1.h */,
				D5010E9D221D8D1400E5174C /* sample1.cc */,
			);
			path = sample;
			sourceTree = "<group>";
		};
/* End PBXGroup section */

/* Begin PBXNativeTarget section */
		D5010E8E221D888200E5174C /* selftraining */ = {
			isa = PBXNativeTarget;
			buildConfigurationList = D5010E96221D888200E5174C /* Build configuration list for PBXNativeTarget "selftraining" */;
			buildPhases = (
				D5010E8B221D888200E5174C /* Sources */,
				D5010E8C221D888200E5174C /* Frameworks */,
				D5010E8D221D888200E5174C /* CopyFiles */,
			);
			buildRules = (
			);
			dependencies = (
			);
			name = selftraining;
			productName = selftraining;
			productReference = D5010E8F221D888200E5174C /* selftraining */;
			productType = "com.apple.product-type.tool";
		};
/* End PBXNativeTarget section */

/* Begin PBXProject section */
		D5010E87221D888200E5174C /* Project object */ = {
			isa = PBXProject;
			attributes = {
				LastUpgradeCheck = 1010;
				ORGANIZATIONNAME = marsday;
				TargetAttributes = {
					D5010E8E221D888200E5174C = {
						CreatedOnToolsVersion = 10.1;
					};
				};
			};
			buildConfigurationList = D5010E8A221D888200E5174C /* Build configuration list for PBXProject "selftraining" */;
			compatibilityVersion = "Xcode 9.3";
			developmentRegion = en;
			hasScannedForEncodings = 0;
			knownRegions = (
				en,
			);
			mainGroup = D5010E86221D888200E5174C;
			productRefGroup = D5010E90221D888200E5174C /* Products */;
			projectDirPath = "";
			projectRoot = "";
			targets = (
				D5010E8E221D888200E5174C /* selftraining */,
			);
		};
/* End PBXProject section */

/* Begin PBXSourcesBuildPhase section */
		D5010E8B221D888200E5174C /* Sources */ = {
			isa = PBXSourcesBuildPhase;
			buildActionMask = 2147483647;
			files = (
				D5010E93221D888200E5174C /* main.cpp in Sources */,
				D5010EA1221D8D2500E5174C /* sample1_unittest.cc in Sources */,
				D5010E9E221D8D1400E5174C /* sample1.cc in Sources */,
			);
			runOnlyForDeploymentPostprocessing = 0;
		};
/* End PBXSourcesBuildPhase section */

/* Begin XCBuildConfiguration section */
		D5010E94221D888200E5174C /* Debug */ = {
			isa = XCBuildConfiguration;
			buildSettings = {
				ALWAYS_SEARCH_USER_PATHS = NO;
				CLANG_ANALYZER_NONNULL = YES;
				CLANG_ANALYZER_NUMBER_OBJECT_CONVERSION = YES_AGGRESSIVE;
				CLANG_CXX_LANGUAGE_STANDARD = "gnu++14";
				CLANG_CXX_LIBRARY = "libc++";
				CLANG_ENABLE_MODULES = YES;
				CLANG_ENABLE_OBJC_ARC = YES;
				CLANG_ENABLE_OBJC_WEAK = YES;
				CLANG_WARN_BLOCK_CAPTURE_AUTORELEASING = YES;
				CLANG_WARN_BOOL_CONVERSION = YES;
				CLANG_WARN_COMMA = YES;
				CLANG_WARN_CONSTANT_CONVERSION = YES;
				CLANG_WARN_DEPRECATED_OBJC_IMPLEMENTATIONS = YES;
				CLANG_WARN_DIRECT_OBJC_ISA_USAGE = YES_ERROR;
				CLANG_WARN_DOCUMENTATION_COMMENTS = YES;
				CLANG_WARN_EMPTY_BODY = YES;
				CLANG_WARN_ENUM_CONVERSION = YES;
				CLANG_WARN_INFINITE_RECURSION = YES;
				CLANG_WARN_INT_CONVERSION = YES;
				CLANG_WARN_NON_LITERAL_NULL_CONVERSION = YES;
				CLANG_WARN_OBJC_IMPLICIT_RETAIN_SELF = YES;
				CLANG_WARN_OBJC_LITERAL_CONVERSION = YES;
				CLANG_WARN_OBJC_ROOT_CLASS = YES_ERROR;
				CLANG_WARN_RANGE_LOOP_ANALYSIS = YES;
				CLANG_WARN_STRICT_PROTOTYPES = YES;
				CLANG_WARN_SUSPICIOUS_MOVE = YES;
				CLANG_WARN_UNGUARDED_AVAILABILITY = YES_AGGRESSIVE;
				CLANG_WARN_UNREACHABLE_CODE = YES;
				CLANG_WARN__DUPLICATE_METHOD_MATCH = YES;
				CODE_SIGN_IDENTITY = "-";
				COPY_PHASE_STRIP = NO;
				DEBUG_INFORMATION_FORMAT = dwarf;
				ENABLE_STRICT_OBJC_MSGSEND = YES;
				ENABLE_TESTABILITY = YES;
				GCC_C_LANGUAGE_STANDARD = gnu11;
				GCC_DYNAMIC_NO_PIC = NO;
				GCC_NO_COMMON_BLOCKS = YES;
				GCC_OPTIMIZATION_LEVEL = 0;
				GCC_PREPROCESSOR_DEFINITIONS = (
					"DEBUG=1",
					"$(inherited)",
				);
				GCC_WARN_64_TO_32_BIT_CONVERSION = YES;
				GCC_WARN_ABOUT_RETURN_TYPE = YES_ERROR;
				GCC_WARN_UNDECLARED_SELECTOR = YES;
				GCC_WARN_UNINITIALIZED_AUTOS = YES_AGGRESSIVE;
				GCC_WARN_UNUSED_FUNCTION = YES;
				GCC_WARN_UNUSED_VARIABLE = YES;
				MACOSX_DEPLOYMENT_TARGET = 10.14;
				MTL_ENABLE_DEBUG_INFO = INCLUDE_SOURCE;
				MTL_FAST_MATH = YES;
				ONLY_ACTIVE_ARCH = YES;
				SDKROOT = macosx;
			};
			name = Debug;
		};
		D5010E95221D888200E5174C /* Release */ = {
			isa = XCBuildConfiguration;
			buildSettings = {
				ALWAYS_SEARCH_USER_PATHS = NO;
				CLANG_ANALYZER_NONNULL = YES;
				CLANG_ANALYZER_NUMBER_OBJECT_CONVERSION = YES_AGGRESSIVE;
				CLANG_CXX_LANGUAGE_STANDARD = "gnu++14";
				CLANG_CXX_LIBRARY = "libc++";
				CLANG_ENABLE_MODULES = YES;
				CLANG_ENABLE_OBJC_ARC = YES;
				CLANG_ENABLE_OBJC_WEAK = YES;
				CLANG_WARN_BLOCK_CAPTURE_AUTORELEASING = YES;
				CLANG_WARN_BOOL_CONVERSION = YES;
				CLANG_WARN_COMMA = YES;
				CLANG_WARN_CONSTANT_CONVERSION = YES;
				CLANG_WARN_DEPRECATED_OBJC_IMPLEMENTATIONS = YES;
				CLANG_WARN_DIRECT_OBJC_ISA_USAGE = YES_ERROR;
				CLANG_WARN_DOCUMENTATION_COMMENTS = YES;
				CLANG_WARN_EMPTY_BODY = YES;
				CLANG_WARN_ENUM_CONVERSION = YES;
				CLANG_WARN_INFINITE_RECURSION = YES;
				CLANG_WARN_INT_CONVERSION = YES;
				CLANG_WARN_NON_LITERAL_NULL_CONVERSION = YES;
				CLANG_WARN_OBJC_IMPLICIT_RETAIN_SELF = YES;
				CLANG_WARN_OBJC_LITERAL_CONVERSION = YES;
				CLANG_WARN_OBJC_ROOT_CLASS = YES_ERROR;
				CLANG_WARN_RANGE_LOOP_ANALYSIS = YES;
				CLANG_WARN_STRICT_PROTOTYPES = YES;
				CLANG_WARN_SUSPICIOUS_MOVE = YES;
				CLANG_WARN_UNGUARDED_AVAILABILITY = YES_AGGRESSIVE;
				CLANG_WARN_UNREACHABLE_CODE = YES;
				CLANG_WARN__DUPLICATE_METHOD_MATCH = YES;
				CODE_SIGN_IDENTITY = "-";
				COPY_PHASE_STRIP = NO;
				DEBUG_INFORMATION_FORMAT = "dwarf-with-dsym";
				ENABLE_NS_ASSERTIONS = NO;
				ENABLE_STRICT_OBJC_MSGSEND = YES;
				GCC_C_LANGUAGE_STANDARD = gnu11;
				GCC_NO_COMMON_BLOCKS = YES;
				GCC_WARN_64_TO_32_BIT_CONVERSION = YES;
				GCC_WARN_ABOUT_RETURN_TYPE = YES_ERROR;
				GCC_WARN_UNDECLARED_SELECTOR = YES;
				GCC_WARN_UNINITIALIZED_AUTOS = YES_AGGRESSIVE;
				GCC_WARN_UNUSED_FUNCTION = YES;
				GCC_WARN_UNUSED_VARIABLE = YES;
				MACOSX_DEPLOYMENT_TARGET = 10.14;
				MTL_ENABLE_DEBUG_INFO = NO;
				MTL_FAST_MATH = YES;
				SDKROOT = macosx;
			};
			name = Release;
		};
		D5010E97221D888200E5174C /* Debug */ = {
			isa = XCBuildConfiguration;
			buildSettings = {
				CODE_SIGN_STYLE = Automatic;
				LIBRARY_SEARCH_PATHS = ../lib;
				PRODUCT_NAME = "$(TARGET_NAME)";
				USER_HEADER_SEARCH_PATHS = ../include;
				VALID_ARCHS = x86_64;
			};
			name = Debug;
		};
		D5010E98221D888200E5174C /* Release */ = {
			isa = XCBuildConfiguration;
			buildSettings = {
				CODE_SIGN_STYLE = Automatic;
				LIBRARY_SEARCH_PATHS = ../lib;
				PRODUCT_NAME = "$(TARGET_NAME)";
				USER_HEADER_SEARCH_PATHS = ../include;
				VALID_ARCHS = x86_64;
			};
			name = Release;
		};
/* End XCBuildConfiguration section */

/* Begin XCConfigurationList section */
		D5010E8A221D888200E5174C /* Build configuration list for PBXProject "selftraining" */ = {
			isa = XCConfigurationList;
			buildConfigurations = (
				D5010E94221D888200E5174C /* Debug */,
				D5010E95221D888200E5174C /* Release */,
			);
			defaultConfigurationIsVisible = 0;
			defaultConfigurationName = Release;
		};
		D5010E96221D888200E5174C /* Build configuration list for PBXNativeTarget "selftraining" */ = {
			isa = XCConfigurationList;
			buildConfigurations = (
				D5010E97221D888200E5174C /* Debug */,
				D5010E98221D888200E5174C /* Release */,
			);
			defaultConfigurationIsVisible = 0;
			defaultConfigurationName = Release;
		};
/* End XCConfigurationList section */
	};
	rootObject = D5010E87221D888200E5174C /* Project object */;
}
